
Microsoft Visual Studio Solution File, Format Version 12.00
# Visual Studio Version 16
VisualStudioVersion = 16.0.29503.13
MinimumVisualStudioVersion = 10.0.40219.1
Project("{9A19103F-16F7-4668-BE54-9A1E7A4F7556}") = "Bessett.CodeWriter", "Bessett.CodeWriter\Bessett.CodeWriter.csproj", "{408456A0-17D6-4E52-98BC-8243EAD80F3B}"
EndProject
Project("{9A19103F-16F7-4668-BE54-9A1E7A4F7556}") = "Bessett.CodeWriter.Tests", "Bessett.CodeWriter.Tests\Bessett.CodeWriter.Tests.csproj", "{CD8AF56B-7DED-4000-80EB-A1D80EFF5858}"
EndProject
Global
	GlobalSection(SolutionConfigurationPlatforms) = preSolution
		Beta|Any CPU = Beta|Any CPU
		Debug|Any CPU = Debug|Any CPU
		Release|Any CPU = Release|Any CPU
	EndGlobalSection
	GlobalSection(ProjectConfigurationPlatforms) = postSolution
		{408456A0-17D6-4E52-98BC-8243EAD80F3B}.Beta|Any CPU.ActiveCfg = Release|Any CPU
		{408456A0-17D6-4E52-98BC-8243EAD80F3B}.Beta|Any CPU.Build.0 = Release|Any CPU
		{408456A0-17D6-4E52-98BC-8243EAD80F3B}.Debug|Any CPU.ActiveCfg = Debug|Any CPU
		{408456A0-17D6-4E52-98BC-8243EAD80F3B}.Debug|Any CPU.Build.0 = Debug|Any CPU
		{408456A0-17D6-4E52-98BC-8243EAD80F3B}.Release|Any CPU.ActiveCfg = Release|Any CPU
		{408456A0-17D6-4E52-98BC-8243EAD80F3B}.Release|Any CPU.Build.0 = Release|Any CPU
		{CD8AF56B-7DED-4000-80EB-A1D80EFF5858}.Beta|Any CPU.ActiveCfg = Debug|Any CPU
		{CD8AF56B-7DED-4000-80EB-A1D80EFF5858}.Beta|Any CPU.Build.0 = Debug|Any CPU
		{CD8AF56B-7DED-4000-80EB-A1D80EFF5858}.Debug|Any CPU.ActiveCfg = Debug|Any CPU
		{CD8AF56B-7DED-4000-80EB-A1D80EFF5858}.Debug|Any CPU.Build.0 = Debug|Any CPU
		{CD8AF56B-7DED-4000-80EB-A1D80EFF5858}.Release|Any CPU.ActiveCfg = Release|Any CPU
		{CD8AF56B-7DED-4000-80EB-A1D80EFF5858}.Release|Any CPU.Build.0 = Release|Any CPU
	EndGlobalSection
	GlobalSection(SolutionProperties) = preSolution
		HideSolutionNode = FALSE
	EndGlobalSection
	GlobalSection(ExtensibilityGlobals) = postSolution
		SolutionGuid = {CA763B23-164F-4455-A706-7F3BF107B28E}
	EndGlobalSection
EndGlobal
